// !$*UTF8*$!
{
	archiveVersion = 1;
	classes = {
	};
	objectVersion = 56;
	objects = {

/* Begin PBXBuildFile section */
		A84CB53A29567C5700181D2C /* Module.swift in Sources */ = {isa = PBXBuildFile; fileRef = A84CB53929567C5700181D2C /* Module.swift */; };
		A84CB53D29567CAD00181D2C /* UserDefaultsScreen.swift in Sources */ = {isa = PBXBuildFile; fileRef = A84CB53C29567CAD00181D2C /* UserDefaultsScreen.swift */; };
		A84CB54029567D0200181D2C /* ILocalStorage.swift in Sources */ = {isa = PBXBuildFile; fileRef = A84CB53F29567D0200181D2C /* ILocalStorage.swift */; };
		A84CB54229567EF100181D2C /* LocalDataSource.swift in Sources */ = {isa = PBXBuildFile; fileRef = A84CB54129567EF100181D2C /* LocalDataSource.swift */; };
		A84CB54429567F7F00181D2C /* UserDefaultScreenViewModel.swift in Sources */ = {isa = PBXBuildFile; fileRef = A84CB54329567F7F00181D2C /* UserDefaultScreenViewModel.swift */; };
		A895BA0A2956FFC1004E6FE8 /* Theme.swift in Sources */ = {isa = PBXBuildFile; fileRef = A895BA092956FFC1004E6FE8 /* Theme.swift */; };
		A895BA0F29570086004E6FE8 /* NStringLocalStorage.swift in Sources */ = {isa = PBXBuildFile; fileRef = A895BA0E29570086004E6FE8 /* NStringLocalStorage.swift */; };
		A895BA11295700A5004E6FE8 /* IntLocalStorage.swift in Sources */ = {isa = PBXBuildFile; fileRef = A895BA10295700A5004E6FE8 /* IntLocalStorage.swift */; };
		A895BA1329570299004E6FE8 /* ThemeLocalStorage.swift in Sources */ = {isa = PBXBuildFile; fileRef = A895BA1229570299004E6FE8 /* ThemeLocalStorage.swift */; };
		A8F942D1295666A700594222 /* AppDelegate.swift in Sources */ = {isa = PBXBuildFile; fileRef = A8F942D0295666A700594222 /* AppDelegate.swift */; };
		A8F942D3295666A700594222 /* SceneDelegate.swift in Sources */ = {isa = PBXBuildFile; fileRef = A8F942D2295666A700594222 /* SceneDelegate.swift */; };
		A8F942D5295666A700594222 /* ViewController.swift in Sources */ = {isa = PBXBuildFile; fileRef = A8F942D4295666A700594222 /* ViewController.swift */; };
		A8F942D8295666A700594222 /* Main.storyboard in Resources */ = {isa = PBXBuildFile; fileRef = A8F942D6295666A700594222 /* Main.storyboard */; };
		A8F942DA295666A900594222 /* Assets.xcassets in Resources */ = {isa = PBXBuildFile; fileRef = A8F942D9295666A900594222 /* Assets.xcassets */; };
		A8F942DD295666A900594222 /* LaunchScreen.storyboard in Resources */ = {isa = PBXBuildFile; fileRef = A8F942DB295666A900594222 /* LaunchScreen.storyboard */; };
		A8F942E72956670900594222 /* XNavigation in Frameworks */ = {isa = PBXBuildFile; productRef = A8F942E62956670900594222 /* XNavigation */; };
		A8F942EC2956674B00594222 /* FirstScreen.swift in Sources */ = {isa = PBXBuildFile; fileRef = A8F942EB2956674B00594222 /* FirstScreen.swift */; };
		A8F942EE2956675600594222 /* SecondScreen.swift in Sources */ = {isa = PBXBuildFile; fileRef = A8F942ED2956675600594222 /* SecondScreen.swift */; };
		A8F942F22956689300594222 /* Colors.swift in Sources */ = {isa = PBXBuildFile; fileRef = A8F942F12956689300594222 /* Colors.swift */; };
		A8F942F529566A1F00594222 /* CircularProgressIndicator.swift in Sources */ = {isa = PBXBuildFile; fileRef = A8F942F429566A1F00594222 /* CircularProgressIndicator.swift */; };
		A8F942F729566A3400594222 /* StoryBoardView.swift in Sources */ = {isa = PBXBuildFile; fileRef = A8F942F629566A3400594222 /* StoryBoardView.swift */; };
		A8F942FA29566A6F00594222 /* ScreenChooser.swift in Sources */ = {isa = PBXBuildFile; fileRef = A8F942F929566A6F00594222 /* ScreenChooser.swift */; };
		A8F943002956724F00594222 /* Localizable.strings in Resources */ = {isa = PBXBuildFile; fileRef = A8F943022956724F00594222 /* Localizable.strings */; };
		A8F94305295672C200594222 /* Localization.swift in Sources */ = {isa = PBXBuildFile; fileRef = A8F94304295672C200594222 /* Localization.swift */; };
/* End PBXBuildFile section */

/* Begin PBXFileReference section */
		A84CB53929567C5700181D2C /* Module.swift */ = {isa = PBXFileReference; lastKnownFileType = sourcecode.swift; path = Module.swift; sourceTree = "<group>"; };
		A84CB53C29567CAD00181D2C /* UserDefaultsScreen.swift */ = {isa = PBXFileReference; lastKnownFileType = sourcecode.swift; path = UserDefaultsScreen.swift; sourceTree = "<group>"; };
		A84CB53F29567D0200181D2C /* ILocalStorage.swift */ = {isa = PBXFileReference; lastKnownFileType = sourcecode.swift; path = ILocalStorage.swift; sourceTree = "<group>"; };
		A84CB54129567EF100181D2C /* LocalDataSource.swift */ = {isa = PBXFileReference; lastKnownFileType = sourcecode.swift; path = LocalDataSource.swift; sourceTree = "<group>"; };
		A84CB54329567F7F00181D2C /* UserDefaultScreenViewModel.swift */ = {isa = PBXFileReference; lastKnownFileType = sourcecode.swift; path = UserDefaultScreenViewModel.swift; sourceTree = "<group>"; };
		A895BA092956FFC1004E6FE8 /* Theme.swift */ = {isa = PBXFileReference; lastKnownFileType = sourcecode.swift; path = Theme.swift; sourceTree = "<group>"; };
		A895BA0E29570086004E6FE8 /* NStringLocalStorage.swift */ = {isa = PBXFileReference; lastKnownFileType = sourcecode.swift; path = NStringLocalStorage.swift; sourceTree = "<group>"; };
		A895BA10295700A5004E6FE8 /* IntLocalStorage.swift */ = {isa = PBXFileReference; lastKnownFileType = sourcecode.swift; path = IntLocalStorage.swift; sourceTree = "<group>"; };
		A895BA1229570299004E6FE8 /* ThemeLocalStorage.swift */ = {isa = PBXFileReference; lastKnownFileType = sourcecode.swift; path = ThemeLocalStorage.swift; sourceTree = "<group>"; };
		A8F942CD295666A700594222 /* IOS-Playground.app */ = {isa = PBXFileReference; explicitFileType = wrapper.application; includeInIndex = 0; path = "IOS-Playground.app"; sourceTree = BUILT_PRODUCTS_DIR; };
		A8F942D0295666A700594222 /* AppDelegate.swift */ = {isa = PBXFileReference; lastKnownFileType = sourcecode.swift; path = AppDelegate.swift; sourceTree = "<group>"; };
		A8F942D2295666A700594222 /* SceneDelegate.swift */ = {isa = PBXFileReference; lastKnownFileType = sourcecode.swift; path = SceneDelegate.swift; sourceTree = "<group>"; };
		A8F942D4295666A700594222 /* ViewController.swift */ = {isa = PBXFileReference; lastKnownFileType = sourcecode.swift; path = ViewController.swift; sourceTree = "<group>"; };
		A8F942D9295666A900594222 /* Assets.xcassets */ = {isa = PBXFileReference; lastKnownFileType = folder.assetcatalog; path = Assets.xcassets; sourceTree = "<group>"; };
		A8F942DC295666A900594222 /* Base */ = {isa = PBXFileReference; lastKnownFileType = file.storyboard; name = Base; path = Base.lproj/LaunchScreen.storyboard; sourceTree = "<group>"; };
		A8F942DE295666A900594222 /* Info.plist */ = {isa = PBXFileReference; lastKnownFileType = text.plist.xml; path = Info.plist; sourceTree = "<group>"; };
		A8F942EB2956674B00594222 /* FirstScreen.swift */ = {isa = PBXFileReference; lastKnownFileType = sourcecode.swift; path = FirstScreen.swift; sourceTree = "<group>"; };
		A8F942ED2956675600594222 /* SecondScreen.swift */ = {isa = PBXFileReference; lastKnownFileType = sourcecode.swift; path = SecondScreen.swift; sourceTree = "<group>"; };
		A8F942F12956689300594222 /* Colors.swift */ = {isa = PBXFileReference; lastKnownFileType = sourcecode.swift; path = Colors.swift; sourceTree = "<group>"; };
		A8F942F429566A1F00594222 /* CircularProgressIndicator.swift */ = {isa = PBXFileReference; lastKnownFileType = sourcecode.swift; path = CircularProgressIndicator.swift; sourceTree = "<group>"; };
		A8F942F629566A3400594222 /* StoryBoardView.swift */ = {isa = PBXFileReference; lastKnownFileType = sourcecode.swift; path = StoryBoardView.swift; sourceTree = "<group>"; };
		A8F942F929566A6F00594222 /* ScreenChooser.swift */ = {isa = PBXFileReference; lastKnownFileType = sourcecode.swift; path = ScreenChooser.swift; sourceTree = "<group>"; };
		A8F943012956724F00594222 /* en */ = {isa = PBXFileReference; lastKnownFileType = text.plist.strings; name = en; path = en.lproj/Localizable.strings; sourceTree = "<group>"; };
		A8F943032956725400594222 /* ru */ = {isa = PBXFileReference; lastKnownFileType = text.plist.strings; name = ru; path = ru.lproj/Localizable.strings; sourceTree = "<group>"; };
		A8F94304295672C200594222 /* Localization.swift */ = {isa = PBXFileReference; lastKnownFileType = sourcecode.swift; path = Localization.swift; sourceTree = "<group>"; };
		A8F943082956740A00594222 /* Base */ = {isa = PBXFileReference; lastKnownFileType = file.storyboard; name = Base; path = Base.lproj/Main.storyboard; sourceTree = "<group>"; };
/* End PBXFileReference section */

/* Begin PBXFrameworksBuildPhase section */
		A8F942CA295666A700594222 /* Frameworks */ = {
			isa = PBXFrameworksBuildPhase;
			buildActionMask = 2147483647;
			files = (
				A8F942E72956670900594222 /* XNavigation in Frameworks */,
			);
			runOnlyForDeploymentPostprocessing = 0;
		};
/* End PBXFrameworksBuildPhase section */

/* Begin PBXGroup section */
		A84CB53829567C4C00181D2C /* di */ = {
			isa = PBXGroup;
			children = (
				A84CB53929567C5700181D2C /* Module.swift */,
			);
			path = di;
			sourceTree = "<group>";
		};
		A84CB53B29567C9A00181D2C /* user_defaults */ = {
			isa = PBXGroup;
			children = (
				A84CB53C29567CAD00181D2C /* UserDefaultsScreen.swift */,
				A84CB54329567F7F00181D2C /* UserDefaultScreenViewModel.swift */,
			);
			path = user_defaults;
			sourceTree = "<group>";
		};
		A84CB53E29567CD500181D2C /* domain */ = {
			isa = PBXGroup;
			children = (
				A84CB54129567EF100181D2C /* LocalDataSource.swift */,
			);
			path = domain;
			sourceTree = "<group>";
		};
		A895BA082956FFAE004E6FE8 /* theme */ = {
			isa = PBXGroup;
			children = (
				A8F942F12956689300594222 /* Colors.swift */,
				A895BA092956FFC1004E6FE8 /* Theme.swift */,
			);
			path = theme;
			sourceTree = "<group>";
		};
		A895BA0D29570075004E6FE8 /* local_storage */ = {
			isa = PBXGroup;
			children = (
				A84CB53F29567D0200181D2C /* ILocalStorage.swift */,
				A895BA0E29570086004E6FE8 /* NStringLocalStorage.swift */,
				A895BA10295700A5004E6FE8 /* IntLocalStorage.swift */,
				A895BA1229570299004E6FE8 /* ThemeLocalStorage.swift */,
			);
			path = local_storage;
			sourceTree = "<group>";
		};
		A8F942C4295666A700594222 = {
			isa = PBXGroup;
			children = (
				A8F942CF295666A700594222 /* IOS-Playground */,
				A8F942CE295666A700594222 /* Products */,
			);
			sourceTree = "<group>";
		};
		A8F942CE295666A700594222 /* Products */ = {
			isa = PBXGroup;
			children = (
				A8F942CD295666A700594222 /* IOS-Playground.app */,
			);
			name = Products;
			sourceTree = "<group>";
		};
		A8F942CF295666A700594222 /* IOS-Playground */ = {
			isa = PBXGroup;
			children = (
				A84CB53E29567CD500181D2C /* domain */,
				A84CB53829567C4C00181D2C /* di */,
				A8F942E4295666C400594222 /* presentation */,
				A8F942F329566A0500594222 /* components */,
				A895BA082956FFAE004E6FE8 /* theme */,
				A8F942EF2956686500594222 /* extension */,
				A8F942F02956687100594222 /* utils */,
				A8F942D0295666A700594222 /* AppDelegate.swift */,
				A8F942D2295666A700594222 /* SceneDelegate.swift */,
				A8F942D9295666A900594222 /* Assets.xcassets */,
				A8F942DE295666A900594222 /* Info.plist */,
			);
			path = "IOS-Playground";
			sourceTree = "<group>";
		};
		A8F942E4295666C400594222 /* presentation */ = {
			isa = PBXGroup;
			children = (
				A84CB53B29567C9A00181D2C /* user_defaults */,
				A8F942EA2956673300594222 /* second_screen */,
				A8F942E92956672D00594222 /* first_screen */,
				A8F942E82956672100594222 /* main */,
				A8F942F929566A6F00594222 /* ScreenChooser.swift */,
			);
			path = presentation;
			sourceTree = "<group>";
		};
		A8F942E82956672100594222 /* main */ = {
			isa = PBXGroup;
			children = (
				A8F942D4295666A700594222 /* ViewController.swift */,
				A8F942D6295666A700594222 /* Main.storyboard */,
				A8F942DB295666A900594222 /* LaunchScreen.storyboard */,
			);
			path = main;
			sourceTree = "<group>";
		};
		A8F942E92956672D00594222 /* first_screen */ = {
			isa = PBXGroup;
			children = (
				A8F942EB2956674B00594222 /* FirstScreen.swift */,
			);
			path = first_screen;
			sourceTree = "<group>";
		};
		A8F942EA2956673300594222 /* second_screen */ = {
			isa = PBXGroup;
			children = (
				A8F942ED2956675600594222 /* SecondScreen.swift */,
			);
			path = second_screen;
			sourceTree = "<group>";
		};
		A8F942EF2956686500594222 /* extension */ = {
			isa = PBXGroup;
			children = (
			);
			path = extension;
			sourceTree = "<group>";
		};
		A8F942F02956687100594222 /* utils */ = {
			isa = PBXGroup;
			children = (
				A895BA0D29570075004E6FE8 /* local_storage */,
				A8F943022956724F00594222 /* Localizable.strings */,
				A8F94304295672C200594222 /* Localization.swift */,
			);
			path = utils;
			sourceTree = "<group>";
		};
		A8F942F329566A0500594222 /* components */ = {
			isa = PBXGroup;
			children = (
				A8F942F429566A1F00594222 /* CircularProgressIndicator.swift */,
				A8F942F629566A3400594222 /* StoryBoardView.swift */,
			);
			path = components;
			sourceTree = "<group>";
		};
/* End PBXGroup section */

/* Begin PBXNativeTarget section */
		A8F942CC295666A700594222 /* IOS-Playground */ = {
			isa = PBXNativeTarget;
			buildConfigurationList = A8F942E1295666A900594222 /* Build configuration list for PBXNativeTarget "IOS-Playground" */;
			buildPhases = (
				A8F942C9295666A700594222 /* Sources */,
				A8F942CA295666A700594222 /* Frameworks */,
				A8F942CB295666A700594222 /* Resources */,
			);
			buildRules = (
			);
			dependencies = (
			);
			name = "IOS-Playground";
			packageProductDependencies = (
				A8F942E62956670900594222 /* XNavigation */,
			);
			productName = "IOS-Playground";
			productReference = A8F942CD295666A700594222 /* IOS-Playground.app */;
			productType = "com.apple.product-type.application";
		};
/* End PBXNativeTarget section */

/* Begin PBXProject section */
		A8F942C5295666A700594222 /* Project object */ = {
			isa = PBXProject;
			attributes = {
				BuildIndependentTargetsInParallel = 1;
				LastSwiftUpdateCheck = 1410;
				LastUpgradeCheck = 1410;
				TargetAttributes = {
					A8F942CC295666A700594222 = {
						CreatedOnToolsVersion = 14.1;
					};
				};
			};
			buildConfigurationList = A8F942C8295666A700594222 /* Build configuration list for PBXProject "IOS-Playground" */;
			compatibilityVersion = "Xcode 14.0";
			developmentRegion = en;
			hasScannedForEncodings = 0;
			knownRegions = (
				en,
				Base,
				ru,
			);
			mainGroup = A8F942C4295666A700594222;
			packageReferences = (
				A8F942E52956670900594222 /* XCRemoteSwiftPackageReference "XNavigation" */,
			);
			productRefGroup = A8F942CE295666A700594222 /* Products */;
			projectDirPath = "";
			projectRoot = "";
			targets = (
				A8F942CC295666A700594222 /* IOS-Playground */,
			);
		};
/* End PBXProject section */

/* Begin PBXResourcesBuildPhase section */
		A8F942CB295666A700594222 /* Resources */ = {
			isa = PBXResourcesBuildPhase;
			buildActionMask = 2147483647;
			files = (
				A8F942DD295666A900594222 /* LaunchScreen.storyboard in Resources */,
				A8F943002956724F00594222 /* Localizable.strings in Resources */,
				A8F942DA295666A900594222 /* Assets.xcassets in Resources */,
				A8F942D8295666A700594222 /* Main.storyboard in Resources */,
			);
			runOnlyForDeploymentPostprocessing = 0;
		};
/* End PBXResourcesBuildPhase section */

/* Begin PBXSourcesBuildPhase section */
		A8F942C9295666A700594222 /* Sources */ = {
			isa = PBXSourcesBuildPhase;
			buildActionMask = 2147483647;
			files = (
				A8F942EC2956674B00594222 /* FirstScreen.swift in Sources */,
				A8F942D5295666A700594222 /* ViewController.swift in Sources */,
				A84CB53D29567CAD00181D2C /* UserDefaultsScreen.swift in Sources */,
				A8F942D1295666A700594222 /* AppDelegate.swift in Sources */,
				A8F942F729566A3400594222 /* StoryBoardView.swift in Sources */,
				A895BA1329570299004E6FE8 /* ThemeLocalStorage.swift in Sources */,
				A8F942FA29566A6F00594222 /* ScreenChooser.swift in Sources */,
				A84CB54029567D0200181D2C /* ILocalStorage.swift in Sources */,
				A8F942D3295666A700594222 /* SceneDelegate.swift in Sources */,
				A8F94305295672C200594222 /* Localization.swift in Sources */,
				A895BA0F29570086004E6FE8 /* NStringLocalStorage.swift in Sources */,
				A895BA0A2956FFC1004E6FE8 /* Theme.swift in Sources */,
				A8F942F529566A1F00594222 /* CircularProgressIndicator.swift in Sources */,
				A84CB54229567EF100181D2C /* LocalDataSource.swift in Sources */,
				A8F942EE2956675600594222 /* SecondScreen.swift in Sources */,
				A84CB54429567F7F00181D2C /* UserDefaultScreenViewModel.swift in Sources */,
				A84CB53A29567C5700181D2C /* Module.swift in Sources */,
				A8F942F22956689300594222 /* Colors.swift in Sources */,
				A895BA11295700A5004E6FE8 /* IntLocalStorage.swift in Sources */,
			);
			runOnlyForDeploymentPostprocessing = 0;
		};
/* End PBXSourcesBuildPhase section */

/* Begin PBXVariantGroup section */
		A8F942D6295666A700594222 /* Main.storyboard */ = {
			isa = PBXVariantGroup;
			children = (
				A8F943082956740A00594222 /* Base */,
			);
			name = Main.storyboard;
			sourceTree = "<group>";
		};
		A8F942DB295666A900594222 /* LaunchScreen.storyboard */ = {
			isa = PBXVariantGroup;
			children = (
				A8F942DC295666A900594222 /* Base */,
			);
			name = LaunchScreen.storyboard;
			sourceTree = "<group>";
		};
		A8F943022956724F00594222 /* Localizable.strings */ = {
			isa = PBXVariantGroup;
			children = (
				A8F943012956724F00594222 /* en */,
				A8F943032956725400594222 /* ru */,
			);
			name = Localizable.strings;
			sourceTree = "<group>";
		};
/* End PBXVariantGroup section */

/* Begin XCBuildConfiguration section */
		A8F942DF295666A900594222 /* Debug */ = {
			isa = XCBuildConfiguration;
			buildSettings = {
				ALWAYS_SEARCH_USER_PATHS = NO;
				CLANG_ANALYZER_LOCALIZABILITY_NONLOCALIZED = YES;
				CLANG_ANALYZER_NONNULL = YES;
				CLANG_ANALYZER_NUMBER_OBJECT_CONVERSION = YES_AGGRESSIVE;
				CLANG_CXX_LANGUAGE_STANDARD = "gnu++20";
				CLANG_ENABLE_MODULES = YES;
				CLANG_ENABLE_OBJC_ARC = YES;
				CLANG_ENABLE_OBJC_WEAK = YES;
				CLANG_WARN_BLOCK_CAPTURE_AUTORELEASING = YES;
				CLANG_WARN_BOOL_CONVERSION = YES;
				CLANG_WARN_COMMA = YES;
				CLANG_WARN_CONSTANT_CONVERSION = YES;
				CLANG_WARN_DEPRECATED_OBJC_IMPLEMENTATIONS = YES;
				CLANG_WARN_DIRECT_OBJC_ISA_USAGE = YES_ERROR;
				CLANG_WARN_DOCUMENTATION_COMMENTS = YES;
				CLANG_WARN_EMPTY_BODY = YES;
				CLANG_WARN_ENUM_CONVERSION = YES;
				CLANG_WARN_INFINITE_RECURSION = YES;
				CLANG_WARN_INT_CONVERSION = YES;
				CLANG_WARN_NON_LITERAL_NULL_CONVERSION = YES;
				CLANG_WARN_OBJC_IMPLICIT_RETAIN_SELF = YES;
				CLANG_WARN_OBJC_LITERAL_CONVERSION = YES;
				CLANG_WARN_OBJC_ROOT_CLASS = YES_ERROR;
				CLANG_WARN_QUOTED_INCLUDE_IN_FRAMEWORK_HEADER = YES;
				CLANG_WARN_RANGE_LOOP_ANALYSIS = YES;
				CLANG_WARN_STRICT_PROTOTYPES = YES;
				CLANG_WARN_SUSPICIOUS_MOVE = YES;
				CLANG_WARN_UNGUARDED_AVAILABILITY = YES_AGGRESSIVE;
				CLANG_WARN_UNREACHABLE_CODE = YES;
				CLANG_WARN__DUPLICATE_METHOD_MATCH = YES;
				COPY_PHASE_STRIP = NO;
				DEBUG_INFORMATION_FORMAT = dwarf;
				ENABLE_STRICT_OBJC_MSGSEND = YES;
				ENABLE_TESTABILITY = YES;
				GCC_C_LANGUAGE_STANDARD = gnu11;
				GCC_DYNAMIC_NO_PIC = NO;
				GCC_NO_COMMON_BLOCKS = YES;
				GCC_OPTIMIZATION_LEVEL = 0;
				GCC_PREPROCESSOR_DEFINITIONS = (
					"DEBUG=1",
					"$(inherited)",
				);
				GCC_WARN_64_TO_32_BIT_CONVERSION = YES;
				GCC_WARN_ABOUT_RETURN_TYPE = YES_ERROR;
				GCC_WARN_UNDECLARED_SELECTOR = YES;
				GCC_WARN_UNINITIALIZED_AUTOS = YES_AGGRESSIVE;
				GCC_WARN_UNUSED_FUNCTION = YES;
				GCC_WARN_UNUSED_VARIABLE = YES;
				IPHONEOS_DEPLOYMENT_TARGET = 16.1;
				MTL_ENABLE_DEBUG_INFO = INCLUDE_SOURCE;
				MTL_FAST_MATH = YES;
				ONLY_ACTIVE_ARCH = YES;
				SDKROOT = iphoneos;
				SWIFT_ACTIVE_COMPILATION_CONDITIONS = DEBUG;
				SWIFT_OPTIMIZATION_LEVEL = "-Onone";
			};
			name = Debug;
		};
		A8F942E0295666A900594222 /* Release */ = {
			isa = XCBuildConfiguration;
			buildSettings = {
				ALWAYS_SEARCH_USER_PATHS = NO;
				CLANG_ANALYZER_LOCALIZABILITY_NONLOCALIZED = YES;
				CLANG_ANALYZER_NONNULL = YES;
				CLANG_ANALYZER_NUMBER_OBJECT_CONVERSION = YES_AGGRESSIVE;
				CLANG_CXX_LANGUAGE_STANDARD = "gnu++20";
				CLANG_ENABLE_MODULES = YES;
				CLANG_ENABLE_OBJC_ARC = YES;
				CLANG_ENABLE_OBJC_WEAK = YES;
				CLANG_WARN_BLOCK_CAPTURE_AUTORELEASING = YES;
				CLANG_WARN_BOOL_CONVERSION = YES;
				CLANG_WARN_COMMA = YES;
				CLANG_WARN_CONSTANT_CONVERSION = YES;
				CLANG_WARN_DEPRECATED_OBJC_IMPLEMENTATIONS = YES;
				CLANG_WARN_DIRECT_OBJC_ISA_USAGE = YES_ERROR;
				CLANG_WARN_DOCUMENTATION_COMMENTS = YES;
				CLANG_WARN_EMPTY_BODY = YES;
				CLANG_WARN_ENUM_CONVERSION = YES;
				CLANG_WARN_INFINITE_RECURSION = YES;
				CLANG_WARN_INT_CONVERSION = YES;
				CLANG_WARN_NON_LITERAL_NULL_CONVERSION = YES;
				CLANG_WARN_OBJC_IMPLICIT_RETAIN_SELF = YES;
				CLANG_WARN_OBJC_LITERAL_CONVERSION = YES;
				CLANG_WARN_OBJC_ROOT_CLASS = YES_ERROR;
				CLANG_WARN_QUOTED_INCLUDE_IN_FRAMEWORK_HEADER = YES;
				CLANG_WARN_RANGE_LOOP_ANALYSIS = YES;
				CLANG_WARN_STRICT_PROTOTYPES = YES;
				CLANG_WARN_SUSPICIOUS_MOVE = YES;
				CLANG_WARN_UNGUARDED_AVAILABILITY = YES_AGGRESSIVE;
				CLANG_WARN_UNREACHABLE_CODE = YES;
				CLANG_WARN__DUPLICATE_METHOD_MATCH = YES;
				COPY_PHASE_STRIP = NO;
				DEBUG_INFORMATION_FORMAT = "dwarf-with-dsym";
				ENABLE_NS_ASSERTIONS = NO;
				ENABLE_STRICT_OBJC_MSGSEND = YES;
				GCC_C_LANGUAGE_STANDARD = gnu11;
				GCC_NO_COMMON_BLOCKS = YES;
				GCC_WARN_64_TO_32_BIT_CONVERSION = YES;
				GCC_WARN_ABOUT_RETURN_TYPE = YES_ERROR;
				GCC_WARN_UNDECLARED_SELECTOR = YES;
				GCC_WARN_UNINITIALIZED_AUTOS = YES_AGGRESSIVE;
				GCC_WARN_UNUSED_FUNCTION = YES;
				GCC_WARN_UNUSED_VARIABLE = YES;
				IPHONEOS_DEPLOYMENT_TARGET = 16.1;
				MTL_ENABLE_DEBUG_INFO = NO;
				MTL_FAST_MATH = YES;
				SDKROOT = iphoneos;
				SWIFT_COMPILATION_MODE = wholemodule;
				SWIFT_OPTIMIZATION_LEVEL = "-O";
				VALIDATE_PRODUCT = YES;
			};
			name = Release;
		};
		A8F942E2295666A900594222 /* Debug */ = {
			isa = XCBuildConfiguration;
			buildSettings = {
				ASSETCATALOG_COMPILER_APPICON_NAME = AppIcon;
				ASSETCATALOG_COMPILER_GLOBAL_ACCENT_COLOR_NAME = AccentColor;
				CODE_SIGN_STYLE = Automatic;
				CURRENT_PROJECT_VERSION = 1;
				GENERATE_INFOPLIST_FILE = YES;
				INFOPLIST_FILE = "IOS-Playground/Info.plist";
				INFOPLIST_KEY_UIApplicationSupportsIndirectInputEvents = YES;
				INFOPLIST_KEY_UILaunchStoryboardName = LaunchScreen;
				INFOPLIST_KEY_UIMainStoryboardFile = Main;
				INFOPLIST_KEY_UISupportedInterfaceOrientations_iPad = "UIInterfaceOrientationPortrait UIInterfaceOrientationPortraitUpsideDown UIInterfaceOrientationLandscapeLeft UIInterfaceOrientationLandscapeRight";
				INFOPLIST_KEY_UISupportedInterfaceOrientations_iPhone = "UIInterfaceOrientationPortrait UIInterfaceOrientationLandscapeLeft UIInterfaceOrientationLandscapeRight";
				LD_RUNPATH_SEARCH_PATHS = (
					"$(inherited)",
					"@executable_path/Frameworks",
				);
				MARKETING_VERSION = 1.0;
				PRODUCT_BUNDLE_IDENTIFIER = "com.makeevrserg.IOS-Playground";
				PRODUCT_NAME = "$(TARGET_NAME)";
				SWIFT_EMIT_LOC_STRINGS = YES;
				SWIFT_VERSION = 5.0;
				TARGETED_DEVICE_FAMILY = "1,2";
			};
			name = Debug;
		};
		A8F942E3295666A900594222 /* Release */ = {
			isa = XCBuildConfiguration;
			buildSettings = {
				ASSETCATALOG_COMPILER_APPICON_NAME = AppIcon;
				ASSETCATALOG_COMPILER_GLOBAL_ACCENT_COLOR_NAME = AccentColor;
				CODE_SIGN_STYLE = Automatic;
				CURRENT_PROJECT_VERSION = 1;
				GENERATE_INFOPLIST_FILE = YES;
				INFOPLIST_FILE = "IOS-Playground/Info.plist";
				INFOPLIST_KEY_UIApplicationSupportsIndirectInputEvents = YES;
				INFOPLIST_KEY_UILaunchStoryboardName = LaunchScreen;
				INFOPLIST_KEY_UIMainStoryboardFile = Main;
				INFOPLIST_KEY_UISupportedInterfaceOrientations_iPad = "UIInterfaceOrientationPortrait UIInterfaceOrientationPortraitUpsideDown UIInterfaceOrientationLandscapeLeft UIInterfaceOrientationLandscapeRight";
				INFOPLIST_KEY_UISupportedInterfaceOrientations_iPhone = "UIInterfaceOrientationPortrait UIInterfaceOrientationLandscapeLeft UIInterfaceOrientationLandscapeRight";
				LD_RUNPATH_SEARCH_PATHS = (
					"$(inherited)",
					"@executable_path/Frameworks",
				);
				MARKETING_VERSION = 1.0;
				PRODUCT_BUNDLE_IDENTIFIER = "com.makeevrserg.IOS-Playground";
				PRODUCT_NAME = "$(TARGET_NAME)";
				SWIFT_EMIT_LOC_STRINGS = YES;
				SWIFT_VERSION = 5.0;
				TARGETED_DEVICE_FAMILY = "1,2";
			};
			name = Release;
		};
/* End XCBuildConfiguration section */

/* Begin XCConfigurationList section */
		A8F942C8295666A700594222 /* Build configuration list for PBXProject "IOS-Playground" */ = {
			isa = XCConfigurationList;
			buildConfigurations = (
				A8F942DF295666A900594222 /* Debug */,
				A8F942E0295666A900594222 /* Release */,
			);
			defaultConfigurationIsVisible = 0;
			defaultConfigurationName = Release;
		};
		A8F942E1295666A900594222 /* Build configuration list for PBXNativeTarget "IOS-Playground" */ = {
			isa = XCConfigurationList;
			buildConfigurations = (
				A8F942E2295666A900594222 /* Debug */,
				A8F942E3295666A900594222 /* Release */,
			);
			defaultConfigurationIsVisible = 0;
			defaultConfigurationName = Release;
		};
/* End XCConfigurationList section */

/* Begin XCRemoteSwiftPackageReference section */
		A8F942E52956670900594222 /* XCRemoteSwiftPackageReference "XNavigation" */ = {
			isa = XCRemoteSwiftPackageReference;
			repositoryURL = "https://github.com/DoubleSymmetry/XNavigation";
			requirement = {
				branch = main;
				kind = branch;
			};
		};
/* End XCRemoteSwiftPackageReference section */

/* Begin XCSwiftPackageProductDependency section */
		A8F942E62956670900594222 /* XNavigation */ = {
			isa = XCSwiftPackageProductDependency;
			package = A8F942E52956670900594222 /* XCRemoteSwiftPackageReference "XNavigation" */;
			productName = XNavigation;
		};
/* End XCSwiftPackageProductDependency section */
	};
	rootObject = A8F942C5295666A700594222 /* Project object */;
}
